
Microsoft Visual Studio Solution File, Format Version 12.00
# Visual Studio Version 17
VisualStudioVersion = 17.3.32929.385
MinimumVisualStudioVersion = 10.0.40219.1
Project("{FAE04EC0-301F-11D3-BF4B-00C04F79EFBC}") = "tip_calculator", "tip_calculator\tip_calculator.csproj", "{2B98D0E2-CD87-49F7-8BA4-C942F65108BC}"
EndProject
Global
	GlobalSection(SolutionConfigurationPlatforms) = preSolution
		Debug|Any CPU = Debug|Any CPU
		Release|Any CPU = Release|Any CPU
	EndGlobalSection
	GlobalSection(ProjectConfigurationPlatforms) = postSolution
		{2B98D0E2-CD87-49F7-8BA4-C942F65108BC}.Debug|Any CPU.ActiveCfg = Debug|Any CPU
		{2B98D0E2-CD87-49F7-8BA4-C942F65108BC}.Debug|Any CPU.Build.0 = Debug|Any CPU
		{2B98D0E2-CD87-49F7-8BA4-C942F65108BC}.Release|Any CPU.ActiveCfg = Release|Any CPU
		{2B98D0E2-CD87-49F7-8BA4-C942F65108BC}.Release|Any CPU.Build.0 = Release|Any CPU
	EndGlobalSection
	GlobalSection(SolutionProperties) = preSolution
		HideSolutionNode = FALSE
	EndGlobalSection
	GlobalSection(ExtensibilityGlobals) = postSolution
		SolutionGuid = {F75FA857-5952-4E62-8134-E0AF95B7F1AF}
	EndGlobalSection
EndGlobal
